
Microsoft Visual Studio Solution File, Format Version 12.00
# Visual Studio Express 2012 for Windows Desktop
Project("{FAE04EC0-301F-11D3-BF4B-00C04F79EFBC}") = "JavaVersion", "JavaVersion\JavaVersion.csproj", "{C2197172-8467-4442-A764-DA96DDDECE3B}"
EndProject
Project("{FAE04EC0-301F-11D3-BF4B-00C04F79EFBC}") = "JavaVersion.Test", "JavaVersion.Test\JavaVersion.Test.csproj", "{E2F0EA42-9E18-4815-A2EE-45418AE284D8}"
EndProject
Global
	GlobalSection(SolutionConfigurationPlatforms) = preSolution
		Debug|Any CPU = Debug|Any CPU
		Release|Any CPU = Release|Any CPU
	EndGlobalSection
	GlobalSection(ProjectConfigurationPlatforms) = postSolution
		{C2197172-8467-4442-A764-DA96DDDECE3B}.Debug|Any CPU.ActiveCfg = Debug|Any CPU
		{C2197172-8467-4442-A764-DA96DDDECE3B}.Debug|Any CPU.Build.0 = Debug|Any CPU
		{C2197172-8467-4442-A764-DA96DDDECE3B}.Release|Any CPU.ActiveCfg = Release|Any CPU
		{C2197172-8467-4442-A764-DA96DDDECE3B}.Release|Any CPU.Build.0 = Release|Any CPU
		{E2F0EA42-9E18-4815-A2EE-45418AE284D8}.Debug|Any CPU.ActiveCfg = Debug|Any CPU
		{E2F0EA42-9E18-4815-A2EE-45418AE284D8}.Debug|Any CPU.Build.0 = Debug|Any CPU
		{E2F0EA42-9E18-4815-A2EE-45418AE284D8}.Release|Any CPU.ActiveCfg = Release|Any CPU
		{E2F0EA42-9E18-4815-A2EE-45418AE284D8}.Release|Any CPU.Build.0 = Release|Any CPU
	EndGlobalSection
	GlobalSection(SolutionProperties) = preSolution
		HideSolutionNode = FALSE
	EndGlobalSection
EndGlobal
